{
  "requires": true,
  "lockfileVersion": 1,
  "dependencies": {
    "vue-google-oauth2": {
      "version": "1.4.0",
      "resolved": "https://registry.npmjs.org/vue-google-oauth2/-/vue-google-oauth2-1.4.0.tgz",
      "integrity": "sha512-VVajnQxOstZqWzrVdf5F5D415JSzIdkdqOJR375tX9yvuXodsJm1H/thffn41UlSRC856e9vPqc21AQoIiQYLw=="
    }
  }
}
